{
  "name": "phyjs-test",
  "version": "1.0.0",
  "lockfileVersion": 2,
  "requires": true,
  "packages": {
    "": {
      "version": "1.0.0",
      "license": "ISC",
      "dependencies": {
        "phyjs": "^0.0.1"
      }
    },
    "node_modules/phyjs": {
      "version": "0.0.1",
      "resolved": "https://registry.npmjs.org/phyjs/-/phyjs-0.0.1.tgz",
      "integrity": "sha512-+i3WopYYz+ME9o7+jnu2uI7cKXpkM9lA7Kx6aC/LxNd4wqsNBOInJzWQviTZucz9hKGskbPbZOyoZHdOWE2fJg=="
    }
  },
  "dependencies": {
    "phyjs": {
      "version": "0.0.1",
      "resolved": "https://registry.npmjs.org/phyjs/-/phyjs-0.0.1.tgz",
      "integrity": "sha512-+i3WopYYz+ME9o7+jnu2uI7cKXpkM9lA7Kx6aC/LxNd4wqsNBOInJzWQviTZucz9hKGskbPbZOyoZHdOWE2fJg=="
    }
  }
}
